
Microsoft Visual Studio Solution File, Format Version 11.00
# Visual C# Express 2010
Project("{FAE04EC0-301F-11D3-BF4B-00C04F79EFBC}") = "ZWaveDeviceBridge", "ZWaveDeviceBridge.csproj", "{FFE1177B-B8AD-4C6D-89E6-06F76397D87C}"
EndProject
Project("{FAE04EC0-301F-11D3-BF4B-00C04F79EFBC}") = "ZWaveWrappers", "..\ZWaveWrappers\ZWaveWrappers.csproj", "{88A7CD71-4E7E-4F03-BD9C-57D24026E0E5}"
EndProject
Project("{FAE04EC0-301F-11D3-BF4B-00C04F79EFBC}") = "DataObjects", "..\DataObjects\DataObjects.csproj", "{E7E385C0-E9A1-4D65-818F-EA013FC188BC}"
EndProject
Project("{FAE04EC0-301F-11D3-BF4B-00C04F79EFBC}") = "UsbReceiverController", "..\UsbReceiverController\UsbReceiverController.csproj", "{F28AFDD1-9CE1-4ECF-8ABE-7495863DDD90}"
EndProject
Global
	GlobalSection(SolutionConfigurationPlatforms) = preSolution
		Debug|Any CPU = Debug|Any CPU
		Debug|Mixed Platforms = Debug|Mixed Platforms
		Debug|x86 = Debug|x86
		Release|Any CPU = Release|Any CPU
		Release|Mixed Platforms = Release|Mixed Platforms
		Release|x86 = Release|x86
	EndGlobalSection
	GlobalSection(ProjectConfigurationPlatforms) = postSolution
		{FFE1177B-B8AD-4C6D-89E6-06F76397D87C}.Debug|Any CPU.ActiveCfg = Debug|x86
		{FFE1177B-B8AD-4C6D-89E6-06F76397D87C}.Debug|Mixed Platforms.ActiveCfg = Debug|x86
		{FFE1177B-B8AD-4C6D-89E6-06F76397D87C}.Debug|Mixed Platforms.Build.0 = Debug|x86
		{FFE1177B-B8AD-4C6D-89E6-06F76397D87C}.Debug|x86.ActiveCfg = Debug|x86
		{FFE1177B-B8AD-4C6D-89E6-06F76397D87C}.Debug|x86.Build.0 = Debug|x86
		{FFE1177B-B8AD-4C6D-89E6-06F76397D87C}.Release|Any CPU.ActiveCfg = Release|x86
		{FFE1177B-B8AD-4C6D-89E6-06F76397D87C}.Release|Mixed Platforms.ActiveCfg = Release|x86
		{FFE1177B-B8AD-4C6D-89E6-06F76397D87C}.Release|Mixed Platforms.Build.0 = Release|x86
		{FFE1177B-B8AD-4C6D-89E6-06F76397D87C}.Release|x86.ActiveCfg = Release|x86
		{FFE1177B-B8AD-4C6D-89E6-06F76397D87C}.Release|x86.Build.0 = Release|x86
		{88A7CD71-4E7E-4F03-BD9C-57D24026E0E5}.Debug|Any CPU.ActiveCfg = Debug|Any CPU
		{88A7CD71-4E7E-4F03-BD9C-57D24026E0E5}.Debug|Any CPU.Build.0 = Debug|Any CPU
		{88A7CD71-4E7E-4F03-BD9C-57D24026E0E5}.Debug|Mixed Platforms.ActiveCfg = Debug|Any CPU
		{88A7CD71-4E7E-4F03-BD9C-57D24026E0E5}.Debug|Mixed Platforms.Build.0 = Debug|Any CPU
		{88A7CD71-4E7E-4F03-BD9C-57D24026E0E5}.Debug|x86.ActiveCfg = Debug|Any CPU
		{88A7CD71-4E7E-4F03-BD9C-57D24026E0E5}.Release|Any CPU.ActiveCfg = Release|Any CPU
		{88A7CD71-4E7E-4F03-BD9C-57D24026E0E5}.Release|Any CPU.Build.0 = Release|Any CPU
		{88A7CD71-4E7E-4F03-BD9C-57D24026E0E5}.Release|Mixed Platforms.ActiveCfg = Release|Any CPU
		{88A7CD71-4E7E-4F03-BD9C-57D24026E0E5}.Release|Mixed Platforms.Build.0 = Release|Any CPU
		{88A7CD71-4E7E-4F03-BD9C-57D24026E0E5}.Release|x86.ActiveCfg = Release|Any CPU
		{E7E385C0-E9A1-4D65-818F-EA013FC188BC}.Debug|Any CPU.ActiveCfg = Debug|Any CPU
		{E7E385C0-E9A1-4D65-818F-EA013FC188BC}.Debug|Any CPU.Build.0 = Debug|Any CPU
		{E7E385C0-E9A1-4D65-818F-EA013FC188BC}.Debug|Mixed Platforms.ActiveCfg = Debug|Any CPU
		{E7E385C0-E9A1-4D65-818F-EA013FC188BC}.Debug|Mixed Platforms.Build.0 = Debug|Any CPU
		{E7E385C0-E9A1-4D65-818F-EA013FC188BC}.Debug|x86.ActiveCfg = Debug|Any CPU
		{E7E385C0-E9A1-4D65-818F-EA013FC188BC}.Release|Any CPU.ActiveCfg = Release|Any CPU
		{E7E385C0-E9A1-4D65-818F-EA013FC188BC}.Release|Any CPU.Build.0 = Release|Any CPU
		{E7E385C0-E9A1-4D65-818F-EA013FC188BC}.Release|Mixed Platforms.ActiveCfg = Release|Any CPU
		{E7E385C0-E9A1-4D65-818F-EA013FC188BC}.Release|Mixed Platforms.Build.0 = Release|Any CPU
		{E7E385C0-E9A1-4D65-818F-EA013FC188BC}.Release|x86.ActiveCfg = Release|Any CPU
		{F28AFDD1-9CE1-4ECF-8ABE-7495863DDD90}.Debug|Any CPU.ActiveCfg = Debug|Any CPU
		{F28AFDD1-9CE1-4ECF-8ABE-7495863DDD90}.Debug|Any CPU.Build.0 = Debug|Any CPU
		{F28AFDD1-9CE1-4ECF-8ABE-7495863DDD90}.Debug|Mixed Platforms.ActiveCfg = Debug|Any CPU
		{F28AFDD1-9CE1-4ECF-8ABE-7495863DDD90}.Debug|Mixed Platforms.Build.0 = Debug|Any CPU
		{F28AFDD1-9CE1-4ECF-8ABE-7495863DDD90}.Debug|x86.ActiveCfg = Debug|Any CPU
		{F28AFDD1-9CE1-4ECF-8ABE-7495863DDD90}.Release|Any CPU.ActiveCfg = Release|Any CPU
		{F28AFDD1-9CE1-4ECF-8ABE-7495863DDD90}.Release|Any CPU.Build.0 = Release|Any CPU
		{F28AFDD1-9CE1-4ECF-8ABE-7495863DDD90}.Release|Mixed Platforms.ActiveCfg = Release|Any CPU
		{F28AFDD1-9CE1-4ECF-8ABE-7495863DDD90}.Release|Mixed Platforms.Build.0 = Release|Any CPU
		{F28AFDD1-9CE1-4ECF-8ABE-7495863DDD90}.Release|x86.ActiveCfg = Release|Any CPU
	EndGlobalSection
	GlobalSection(SolutionProperties) = preSolution
		HideSolutionNode = FALSE
	EndGlobalSection
EndGlobal
